
Microsoft Visual Studio Solution File, Format Version 12.00
# Visual Studio Version 17
VisualStudioVersion = 17.12.35506.116
MinimumVisualStudioVersion = 10.0.40219.1
Project("{2150E333-8FDC-42A3-9474-1A3956D46DE8}") = "Services", "Services", "{87D2E0CC-F870-491E-8829-77A918B61817}"
EndProject
Project("{2150E333-8FDC-42A3-9474-1A3956D46DE8}") = "Catalog", "Catalog", "{524C290D-1EB0-43F3-BF57-0E8EEDFBF474}"
EndProject
Project("{FAE04EC0-301F-11D3-BF4B-00C04F79EFBC}") = "Catalog.API", "src\Services\Catalog\Catalog.API\Catalog.API.csproj", "{CED5D667-EF35-4BC9-93C9-E2FB06E816BC}"
EndProject
Project("{2150E333-8FDC-42A3-9474-1A3956D46DE8}") = "BuildingBlocks", "BuildingBlocks", "{28EC06E9-EDF1-4C62-B764-B8EB805B215E}"
EndProject
Project("{FAE04EC0-301F-11D3-BF4B-00C04F79EFBC}") = "BuildingBlocks", "src\BuildingBlocks\BuildingBlocks\BuildingBlocks.csproj", "{5EA2212E-16B3-4704-9DBC-9688DB89E05E}"
EndProject
Project("{2150E333-8FDC-42A3-9474-1A3956D46DE8}") = "Basket", "Basket", "{D1D4992C-0157-46F2-A93A-3E6B43E3C3F2}"
EndProject
Project("{FAE04EC0-301F-11D3-BF4B-00C04F79EFBC}") = "Basket.API", "src\Services\Basket\Basket.API\Basket.API.csproj", "{DBAAA810-7C09-4A6A-81E0-E69447AAEA24}"
EndProject
Project("{2150E333-8FDC-42A3-9474-1A3956D46DE8}") = "Discount", "Discount", "{677B5584-B269-4ACE-858D-71B8054EA3D6}"
EndProject
Project("{FAE04EC0-301F-11D3-BF4B-00C04F79EFBC}") = "Discount.Grpc", "src\Services\Discount\Discount.Grpc\Discount.Grpc.csproj", "{051C5921-DD52-49F0-A272-3D81376D1C38}"
EndProject
Project("{2150E333-8FDC-42A3-9474-1A3956D46DE8}") = "Ordering", "Ordering", "{69835C23-B4B1-41D1-B4D4-DEDA293A4921}"
EndProject
Project("{FAE04EC0-301F-11D3-BF4B-00C04F79EFBC}") = "Ordering.API", "src\Services\Ordering\Ordering.API\Ordering.API.csproj", "{7FA52DC7-95FC-4E37-8F8D-DA3CE231C5D7}"
EndProject
Project("{FAE04EC0-301F-11D3-BF4B-00C04F79EFBC}") = "Ordering.Domain", "src\Services\Ordering\Ordering.Domain\Ordering.Domain.csproj", "{74EA73C5-A522-4798-A54F-F5DFD31EE380}"
EndProject
Project("{FAE04EC0-301F-11D3-BF4B-00C04F79EFBC}") = "Ordering.Application", "src\Services\Ordering\Ordering.Application\Ordering.Application.csproj", "{91A1BF87-1A80-41D4-B4DC-0184091A31E4}"
EndProject
Project("{FAE04EC0-301F-11D3-BF4B-00C04F79EFBC}") = "Ordering.Infrastructure", "src\Services\Ordering\Ordering.Infrastructure\Ordering.Infrastructure.csproj", "{2BF22585-B39A-433E-B650-71AC0ABD4504}"
EndProject
Global
	GlobalSection(SolutionConfigurationPlatforms) = preSolution
		Debug|Any CPU = Debug|Any CPU
		Release|Any CPU = Release|Any CPU
	EndGlobalSection
	GlobalSection(ProjectConfigurationPlatforms) = postSolution
		{CED5D667-EF35-4BC9-93C9-E2FB06E816BC}.Debug|Any CPU.ActiveCfg = Debug|Any CPU
		{CED5D667-EF35-4BC9-93C9-E2FB06E816BC}.Debug|Any CPU.Build.0 = Debug|Any CPU
		{CED5D667-EF35-4BC9-93C9-E2FB06E816BC}.Release|Any CPU.ActiveCfg = Release|Any CPU
		{CED5D667-EF35-4BC9-93C9-E2FB06E816BC}.Release|Any CPU.Build.0 = Release|Any CPU
		{5EA2212E-16B3-4704-9DBC-9688DB89E05E}.Debug|Any CPU.ActiveCfg = Debug|Any CPU
		{5EA2212E-16B3-4704-9DBC-9688DB89E05E}.Debug|Any CPU.Build.0 = Debug|Any CPU
		{5EA2212E-16B3-4704-9DBC-9688DB89E05E}.Release|Any CPU.ActiveCfg = Release|Any CPU
		{5EA2212E-16B3-4704-9DBC-9688DB89E05E}.Release|Any CPU.Build.0 = Release|Any CPU
		{DBAAA810-7C09-4A6A-81E0-E69447AAEA24}.Debug|Any CPU.ActiveCfg = Debug|Any CPU
		{DBAAA810-7C09-4A6A-81E0-E69447AAEA24}.Debug|Any CPU.Build.0 = Debug|Any CPU
		{DBAAA810-7C09-4A6A-81E0-E69447AAEA24}.Release|Any CPU.ActiveCfg = Release|Any CPU
		{DBAAA810-7C09-4A6A-81E0-E69447AAEA24}.Release|Any CPU.Build.0 = Release|Any CPU
		{051C5921-DD52-49F0-A272-3D81376D1C38}.Debug|Any CPU.ActiveCfg = Debug|Any CPU
		{051C5921-DD52-49F0-A272-3D81376D1C38}.Debug|Any CPU.Build.0 = Debug|Any CPU
		{051C5921-DD52-49F0-A272-3D81376D1C38}.Release|Any CPU.ActiveCfg = Release|Any CPU
		{051C5921-DD52-49F0-A272-3D81376D1C38}.Release|Any CPU.Build.0 = Release|Any CPU
		{7FA52DC7-95FC-4E37-8F8D-DA3CE231C5D7}.Debug|Any CPU.ActiveCfg = Debug|Any CPU
		{7FA52DC7-95FC-4E37-8F8D-DA3CE231C5D7}.Debug|Any CPU.Build.0 = Debug|Any CPU
		{7FA52DC7-95FC-4E37-8F8D-DA3CE231C5D7}.Release|Any CPU.ActiveCfg = Release|Any CPU
		{7FA52DC7-95FC-4E37-8F8D-DA3CE231C5D7}.Release|Any CPU.Build.0 = Release|Any CPU
		{74EA73C5-A522-4798-A54F-F5DFD31EE380}.Debug|Any CPU.ActiveCfg = Debug|Any CPU
		{74EA73C5-A522-4798-A54F-F5DFD31EE380}.Debug|Any CPU.Build.0 = Debug|Any CPU
		{74EA73C5-A522-4798-A54F-F5DFD31EE380}.Release|Any CPU.ActiveCfg = Release|Any CPU
		{74EA73C5-A522-4798-A54F-F5DFD31EE380}.Release|Any CPU.Build.0 = Release|Any CPU
		{91A1BF87-1A80-41D4-B4DC-0184091A31E4}.Debug|Any CPU.ActiveCfg = Debug|Any CPU
		{91A1BF87-1A80-41D4-B4DC-0184091A31E4}.Debug|Any CPU.Build.0 = Debug|Any CPU
		{91A1BF87-1A80-41D4-B4DC-0184091A31E4}.Release|Any CPU.ActiveCfg = Release|Any CPU
		{91A1BF87-1A80-41D4-B4DC-0184091A31E4}.Release|Any CPU.Build.0 = Release|Any CPU
		{2BF22585-B39A-433E-B650-71AC0ABD4504}.Debug|Any CPU.ActiveCfg = Debug|Any CPU
		{2BF22585-B39A-433E-B650-71AC0ABD4504}.Debug|Any CPU.Build.0 = Debug|Any CPU
		{2BF22585-B39A-433E-B650-71AC0ABD4504}.Release|Any CPU.ActiveCfg = Release|Any CPU
		{2BF22585-B39A-433E-B650-71AC0ABD4504}.Release|Any CPU.Build.0 = Release|Any CPU
	EndGlobalSection
	GlobalSection(SolutionProperties) = preSolution
		HideSolutionNode = FALSE
	EndGlobalSection
	GlobalSection(NestedProjects) = preSolution
		{524C290D-1EB0-43F3-BF57-0E8EEDFBF474} = {87D2E0CC-F870-491E-8829-77A918B61817}
		{CED5D667-EF35-4BC9-93C9-E2FB06E816BC} = {524C290D-1EB0-43F3-BF57-0E8EEDFBF474}
		{5EA2212E-16B3-4704-9DBC-9688DB89E05E} = {28EC06E9-EDF1-4C62-B764-B8EB805B215E}
		{D1D4992C-0157-46F2-A93A-3E6B43E3C3F2} = {87D2E0CC-F870-491E-8829-77A918B61817}
		{DBAAA810-7C09-4A6A-81E0-E69447AAEA24} = {D1D4992C-0157-46F2-A93A-3E6B43E3C3F2}
		{677B5584-B269-4ACE-858D-71B8054EA3D6} = {87D2E0CC-F870-491E-8829-77A918B61817}
		{051C5921-DD52-49F0-A272-3D81376D1C38} = {677B5584-B269-4ACE-858D-71B8054EA3D6}
		{69835C23-B4B1-41D1-B4D4-DEDA293A4921} = {87D2E0CC-F870-491E-8829-77A918B61817}
		{7FA52DC7-95FC-4E37-8F8D-DA3CE231C5D7} = {69835C23-B4B1-41D1-B4D4-DEDA293A4921}
		{74EA73C5-A522-4798-A54F-F5DFD31EE380} = {69835C23-B4B1-41D1-B4D4-DEDA293A4921}
		{91A1BF87-1A80-41D4-B4DC-0184091A31E4} = {69835C23-B4B1-41D1-B4D4-DEDA293A4921}
		{2BF22585-B39A-433E-B650-71AC0ABD4504} = {69835C23-B4B1-41D1-B4D4-DEDA293A4921}
	EndGlobalSection
EndGlobal
